// !$*UTF8*$!
{
	archiveVersion = 1;
	classes = {
	};
	objectVersion = 50;
	objects = {

/* Begin PBXBuildFile section */
		750A813921B54601003F2CB2 /* IssueFiveTextViewController.swift in Sources */ = {isa = PBXBuildFile; fileRef = 750A813821B54600003F2CB2 /* IssueFiveTextViewController.swift */; };
		750A813B21B54737003F2CB2 /* IssueFiveGalleryViewController.swift in Sources */ = {isa = PBXBuildFile; fileRef = 750A813A21B54737003F2CB2 /* IssueFiveGalleryViewController.swift */; };
		750A813D21B54D1E003F2CB2 /* IssueFourTextViewController.swift in Sources */ = {isa = PBXBuildFile; fileRef = 750A813C21B54D1E003F2CB2 /* IssueFourTextViewController.swift */; };
		750A813F21B54E49003F2CB2 /* IssueFourGalleryViewController.swift in Sources */ = {isa = PBXBuildFile; fileRef = 750A813E21B54E49003F2CB2 /* IssueFourGalleryViewController.swift */; };
		750A814121B54F10003F2CB2 /* IssueFourPhotoViewController.swift in Sources */ = {isa = PBXBuildFile; fileRef = 750A814021B54F10003F2CB2 /* IssueFourPhotoViewController.swift */; };
		7537C6F321A2EF2F00334171 /* IssueTwo.storyboard in Resources */ = {isa = PBXBuildFile; fileRef = 7537C6F221A2EF2F00334171 /* IssueTwo.storyboard */; };
		7537C6F521A2F07800334171 /* IssueThree.storyboard in Resources */ = {isa = PBXBuildFile; fileRef = 7537C6F421A2F07800334171 /* IssueThree.storyboard */; };
		7537C6F721A2F08400334171 /* IssueFour.storyboard in Resources */ = {isa = PBXBuildFile; fileRef = 7537C6F621A2F08400334171 /* IssueFour.storyboard */; };
		7537C6F921A2F08E00334171 /* IssueFive.storyboard in Resources */ = {isa = PBXBuildFile; fileRef = 7537C6F821A2F08E00334171 /* IssueFive.storyboard */; };
		7537C6FB21A2F09800334171 /* IssueSix.storyboard in Resources */ = {isa = PBXBuildFile; fileRef = 7537C6FA21A2F09800334171 /* IssueSix.storyboard */; };
		7537C6FD21A2F0A400334171 /* IssueSeven.storyboard in Resources */ = {isa = PBXBuildFile; fileRef = 7537C6FC21A2F0A400334171 /* IssueSeven.storyboard */; };
		7537C6FF21A2F0AF00334171 /* IssueEight.storyboard in Resources */ = {isa = PBXBuildFile; fileRef = 7537C6FE21A2F0AF00334171 /* IssueEight.storyboard */; };
		7537C70221A2F23E00334171 /* UIViewController.swift in Sources */ = {isa = PBXBuildFile; fileRef = 7537C70121A2F23E00334171 /* UIViewController.swift */; };
		753B2C5A218E8B2600FFE2D4 /* PhotoCell.xib in Resources */ = {isa = PBXBuildFile; fileRef = 753B2C59218E8B2600FFE2D4 /* PhotoCell.xib */; };
		753B2C5C218E8C1200FFE2D4 /* PhotoCell.swift in Sources */ = {isa = PBXBuildFile; fileRef = 753B2C5B218E8C1200FFE2D4 /* PhotoCell.swift */; };
		753B2C70218F5C3C00FFE2D4 /* IssueOne.storyboard in Resources */ = {isa = PBXBuildFile; fileRef = 753B2C6F218F5C3C00FFE2D4 /* IssueOne.storyboard */; };
		753B2C73218F5CB200FFE2D4 /* IssueOneIntroViewController.swift in Sources */ = {isa = PBXBuildFile; fileRef = 753B2C72218F5CB200FFE2D4 /* IssueOneIntroViewController.swift */; };
		753B2C77218F61EF00FFE2D4 /* IssueOnePage1ViewController.swift in Sources */ = {isa = PBXBuildFile; fileRef = 753B2C76218F61EF00FFE2D4 /* IssueOnePage1ViewController.swift */; };
		75693FBD2173A9F900FE893E /* AppDelegate.swift in Sources */ = {isa = PBXBuildFile; fileRef = 75693FBC2173A9F900FE893E /* AppDelegate.swift */; };
		75693FBF2173A9F900FE893E /* StartViewController.swift in Sources */ = {isa = PBXBuildFile; fileRef = 75693FBE2173A9F900FE893E /* StartViewController.swift */; };
		75693FC22173A9F900FE893E /* Main.storyboard in Resources */ = {isa = PBXBuildFile; fileRef = 75693FC02173A9F900FE893E /* Main.storyboard */; };
		75693FC42173A9FC00FE893E /* Assets.xcassets in Resources */ = {isa = PBXBuildFile; fileRef = 75693FC32173A9FC00FE893E /* Assets.xcassets */; };
		75693FC72173A9FC00FE893E /* LaunchScreen.storyboard in Resources */ = {isa = PBXBuildFile; fileRef = 75693FC52173A9FC00FE893E /* LaunchScreen.storyboard */; };
		75693FD52173B78200FE893E /* AnimationView.swift in Sources */ = {isa = PBXBuildFile; fileRef = 75693FD42173B78200FE893E /* AnimationView.swift */; };
		75693FD92173BDCE00FE893E /* AnimationLoop.swift in Sources */ = {isa = PBXBuildFile; fileRef = 75693FD82173BDCE00FE893E /* AnimationLoop.swift */; };
		757D9C1F21B41517000BD139 /* IssueSixIntroViewController.swift in Sources */ = {isa = PBXBuildFile; fileRef = 757D9C1E21B41517000BD139 /* IssueSixIntroViewController.swift */; };
		757D9C2521B419E8000BD139 /* benucci_0.png in Resources */ = {isa = PBXBuildFile; fileRef = 757D9C2321B419E8000BD139 /* benucci_0.png */; };
		757DC200218D2A5D00D361E5 /* GalleryViewController.swift in Sources */ = {isa = PBXBuildFile; fileRef = 757DC1FF218D2A5D00D361E5 /* GalleryViewController.swift */; };
		759D59E721A087CD00E285AC /* IssueOneTextViewController.swift in Sources */ = {isa = PBXBuildFile; fileRef = 759D59E621A087CD00E285AC /* IssueOneTextViewController.swift */; };
		759D59ED21A08B2200E285AC /* TextView.swift in Sources */ = {isa = PBXBuildFile; fileRef = 759D59EC21A08B2200E285AC /* TextView.swift */; };
		759D59EF21A1C99500E285AC /* IssueOneGalleryViewController.swift in Sources */ = {isa = PBXBuildFile; fileRef = 759D59EE21A1C99500E285AC /* IssueOneGalleryViewController.swift */; };
		759D5A0121A1CD7300E285AC /* IssueOnePhotoViewController.swift in Sources */ = {isa = PBXBuildFile; fileRef = 759D5A0021A1CD7300E285AC /* IssueOnePhotoViewController.swift */; };
		759D5A0521A1D34D00E285AC /* UINavigationController.swift in Sources */ = {isa = PBXBuildFile; fileRef = 759D5A0421A1D34D00E285AC /* UINavigationController.swift */; };
		759F504721BE766700788032 /* anima_aline_v3.json in Resources */ = {isa = PBXBuildFile; fileRef = 759F504621BE766700788032 /* anima_aline_v3.json */; };
		759F504921BE789500788032 /* anima_benucci_v3.json in Resources */ = {isa = PBXBuildFile; fileRef = 759F504821BE789500788032 /* anima_benucci_v3.json */; };
		759F504B21BE79A400788032 /* benucci_1.png in Resources */ = {isa = PBXBuildFile; fileRef = 759F504A21BE79A400788032 /* benucci_1.png */; };
		759F504D21BE7E0D00788032 /* IssueSevenPhotoViewController.swift in Sources */ = {isa = PBXBuildFile; fileRef = 759F504C21BE7E0D00788032 /* IssueSevenPhotoViewController.swift */; };
		759F505121BE867200788032 /* IssueSixTextViewController.swift in Sources */ = {isa = PBXBuildFile; fileRef = 759F505021BE867200788032 /* IssueSixTextViewController.swift */; };
		759F505321BE869400788032 /* IssueSixGalleryViewController.swift in Sources */ = {isa = PBXBuildFile; fileRef = 759F505221BE869400788032 /* IssueSixGalleryViewController.swift */; };
		759F505521BE86B100788032 /* IssueSixPhotoViewController.swift in Sources */ = {isa = PBXBuildFile; fileRef = 759F505421BE86B100788032 /* IssueSixPhotoViewController.swift */; };
		759F507921C1278900788032 /* indigo_0.png in Resources */ = {isa = PBXBuildFile; fileRef = 759F507521C1278800788032 /* indigo_0.png */; };
		759F507A21C1278900788032 /* indigo_3.png in Resources */ = {isa = PBXBuildFile; fileRef = 759F507621C1278800788032 /* indigo_3.png */; };
		759F507B21C1278900788032 /* indigo_2.png in Resources */ = {isa = PBXBuildFile; fileRef = 759F507721C1278900788032 /* indigo_2.png */; };
		759F507C21C1278900788032 /* indigo_1.png in Resources */ = {isa = PBXBuildFile; fileRef = 759F507821C1278900788032 /* indigo_1.png */; };
		759F507E21C127AE00788032 /* anima_indigo.json in Resources */ = {isa = PBXBuildFile; fileRef = 759F507D21C127AE00788032 /* anima_indigo.json */; };
		759F508021C1283C00788032 /* IssueEightIntroViewController.swift in Sources */ = {isa = PBXBuildFile; fileRef = 759F507F21C1283C00788032 /* IssueEightIntroViewController.swift */; };
		759F508221C6991400788032 /* IssueEightTextViewController.swift in Sources */ = {isa = PBXBuildFile; fileRef = 759F508121C6991400788032 /* IssueEightTextViewController.swift */; };
		75D77ADC21A9F5F100AB24A0 /* img_0.png in Resources */ = {isa = PBXBuildFile; fileRef = 75D77AD821A9F5F000AB24A0 /* img_0.png */; };
		75D77ADD21A9F5F100AB24A0 /* img_1.png in Resources */ = {isa = PBXBuildFile; fileRef = 75D77AD921A9F5F000AB24A0 /* img_1.png */; };
		75D77ADE21A9F5F100AB24A0 /* img_2.png in Resources */ = {isa = PBXBuildFile; fileRef = 75D77ADA21A9F5F000AB24A0 /* img_2.png */; };
		75D77ADF21A9F5F100AB24A0 /* img_3.png in Resources */ = {isa = PBXBuildFile; fileRef = 75D77ADB21A9F5F100AB24A0 /* img_3.png */; };
		75D77AE721A9FEB100AB24A0 /* aline_3.png in Resources */ = {isa = PBXBuildFile; fileRef = 75D77AE321A9FEB000AB24A0 /* aline_3.png */; };
		75D77AE821A9FEB100AB24A0 /* aline_0.png in Resources */ = {isa = PBXBuildFile; fileRef = 75D77AE421A9FEB000AB24A0 /* aline_0.png */; };
		75D77AE921A9FEB100AB24A0 /* aline_1.png in Resources */ = {isa = PBXBuildFile; fileRef = 75D77AE521A9FEB100AB24A0 /* aline_1.png */; };
		75D77AEA21A9FEB100AB24A0 /* aline_2.png in Resources */ = {isa = PBXBuildFile; fileRef = 75D77AE621A9FEB100AB24A0 /* aline_2.png */; };
		75D77AEE21A9FF2900AB24A0 /* IssueTwoIntroViewController.swift in Sources */ = {isa = PBXBuildFile; fileRef = 75D77AED21A9FF2900AB24A0 /* IssueTwoIntroViewController.swift */; };
		75D77AF021AA02F500AB24A0 /* IssueTwoSmallTextViewController.swift in Sources */ = {isa = PBXBuildFile; fileRef = 75D77AEF21AA02F500AB24A0 /* IssueTwoSmallTextViewController.swift */; };
		75D77AF221AA04C100AB24A0 /* IssueTwoTextViewController.swift in Sources */ = {isa = PBXBuildFile; fileRef = 75D77AF121AA04C100AB24A0 /* IssueTwoTextViewController.swift */; };
		75D77AF421AA072D00AB24A0 /* IssueTwoGalleryViewController.swift in Sources */ = {isa = PBXBuildFile; fileRef = 75D77AF321AA072D00AB24A0 /* IssueTwoGalleryViewController.swift */; };
		75D77AF621AA0A0400AB24A0 /* IssueTwoPhotoViewController.swift in Sources */ = {isa = PBXBuildFile; fileRef = 75D77AF521AA0A0400AB24A0 /* IssueTwoPhotoViewController.swift */; };
		75D77AF821AA1B2D00AB24A0 /* anima_arte.json in Resources */ = {isa = PBXBuildFile; fileRef = 75D77AF721AA1B2D00AB24A0 /* anima_arte.json */; };
		75D77AFD21AA1B4400AB24A0 /* arte_2.png in Resources */ = {isa = PBXBuildFile; fileRef = 75D77AFA21AA1B4300AB24A0 /* arte_2.png */; };
		75D77AFE21AA1B4400AB24A0 /* arte_1.png in Resources */ = {isa = PBXBuildFile; fileRef = 75D77AFB21AA1B4400AB24A0 /* arte_1.png */; };
		75D77AFF21AA1B4400AB24A0 /* arte_0.png in Resources */ = {isa = PBXBuildFile; fileRef = 75D77AFC21AA1B4400AB24A0 /* arte_0.png */; };
		75D77B0121AA1BA700AB24A0 /* IssueThreeIntroViewController.swift in Sources */ = {isa = PBXBuildFile; fileRef = 75D77B0021AA1BA700AB24A0 /* IssueThreeIntroViewController.swift */; };
		75D77B0321AA1D0700AB24A0 /* IssueFourIntroViewController.swift in Sources */ = {isa = PBXBuildFile; fileRef = 75D77B0221AA1D0700AB24A0 /* IssueFourIntroViewController.swift */; };
		75D77B0521AA1D2600AB24A0 /* IssueFiveIntroViewController.swift in Sources */ = {isa = PBXBuildFile; fileRef = 75D77B0421AA1D2600AB24A0 /* IssueFiveIntroViewController.swift */; };
		75D77B0B21AA1E7900AB24A0 /* weme_2.png in Resources */ = {isa = PBXBuildFile; fileRef = 75D77B0721AA1E7800AB24A0 /* weme_2.png */; };
		75D77B0C21AA1E7900AB24A0 /* weme_1.png in Resources */ = {isa = PBXBuildFile; fileRef = 75D77B0821AA1E7800AB24A0 /* weme_1.png */; };
		75D77B0D21AA1E7900AB24A0 /* weme_3.png in Resources */ = {isa = PBXBuildFile; fileRef = 75D77B0921AA1E7900AB24A0 /* weme_3.png */; };
		75D77B0E21AA1E7900AB24A0 /* weme_0.png in Resources */ = {isa = PBXBuildFile; fileRef = 75D77B0A21AA1E7900AB24A0 /* weme_0.png */; };
		75D77B1521AA215200AB24A0 /* lacre_0.png in Resources */ = {isa = PBXBuildFile; fileRef = 75D77B1221AA215100AB24A0 /* lacre_0.png */; };
		75D77B1621AA215200AB24A0 /* anima_lacre.json in Resources */ = {isa = PBXBuildFile; fileRef = 75D77B1321AA215100AB24A0 /* anima_lacre.json */; };
		75D77B1721AA215200AB24A0 /* lacre_1.png in Resources */ = {isa = PBXBuildFile; fileRef = 75D77B1421AA215200AB24A0 /* lacre_1.png */; };
		75D77B1921AA270F00AB24A0 /* IssueThreeTextViewController.swift in Sources */ = {isa = PBXBuildFile; fileRef = 75D77B1821AA270F00AB24A0 /* IssueThreeTextViewController.swift */; };
		75D77B1B21AA28D100AB24A0 /* IssueThreeGalleryViewController.swift in Sources */ = {isa = PBXBuildFile; fileRef = 75D77B1A21AA28D100AB24A0 /* IssueThreeGalleryViewController.swift */; };
		75D77B1D21AA2A9500AB24A0 /* IssueThreePhotoViewController.swift in Sources */ = {isa = PBXBuildFile; fileRef = 75D77B1C21AA2A9500AB24A0 /* IssueThreePhotoViewController.swift */; };
		75D77B2D21ACCB8300AB24A0 /* anima_ensou_v2.json in Resources */ = {isa = PBXBuildFile; fileRef = 75D77B2C21ACCB8300AB24A0 /* anima_ensou_v2.json */; };
		75D77B3321ACD9DF00AB24A0 /* anima_weme_v2.json in Resources */ = {isa = PBXBuildFile; fileRef = 75D77B3221ACD9DF00AB24A0 /* anima_weme_v2.json */; };
		FCB0C5EE8A06D2EF5D3F0517 /* Pods_FashionDVT.framework in Frameworks */ = {isa = PBXBuildFile; fileRef = F1AEE6BDC1AF84533EAB4C60 /* Pods_FashionDVT.framework */; };
/* End PBXBuildFile section */

/* Begin PBXFileReference section */
		07441D0B86FF60F7EE3984B7 /* Pods-FashionDVT.debug.xcconfig */ = {isa = PBXFileReference; includeInIndex = 1; lastKnownFileType = text.xcconfig; name = "Pods-FashionDVT.debug.xcconfig"; path = "Pods/Target Support Files/Pods-FashionDVT/Pods-FashionDVT.debug.xcconfig"; sourceTree = "<group>"; };
		5A69C9D2E79012BC70DA0C4B /* Pods-FashionDVT.release.xcconfig */ = {isa = PBXFileReference; includeInIndex = 1; lastKnownFileType = text.xcconfig; name = "Pods-FashionDVT.release.xcconfig"; path = "Pods/Target Support Files/Pods-FashionDVT/Pods-FashionDVT.release.xcconfig"; sourceTree = "<group>"; };
		750A813821B54600003F2CB2 /* IssueFiveTextViewController.swift */ = {isa = PBXFileReference; lastKnownFileType = sourcecode.swift; path = IssueFiveTextViewController.swift; sourceTree = "<group>"; };
		750A813A21B54737003F2CB2 /* IssueFiveGalleryViewController.swift */ = {isa = PBXFileReference; lastKnownFileType = sourcecode.swift; path = IssueFiveGalleryViewController.swift; sourceTree = "<group>"; };
		750A813C21B54D1E003F2CB2 /* IssueFourTextViewController.swift */ = {isa = PBXFileReference; lastKnownFileType = sourcecode.swift; path = IssueFourTextViewController.swift; sourceTree = "<group>"; };
		750A813E21B54E49003F2CB2 /* IssueFourGalleryViewController.swift */ = {isa = PBXFileReference; lastKnownFileType = sourcecode.swift; path = IssueFourGalleryViewController.swift; sourceTree = "<group>"; };
		750A814021B54F10003F2CB2 /* IssueFourPhotoViewController.swift */ = {isa = PBXFileReference; lastKnownFileType = sourcecode.swift; path = IssueFourPhotoViewController.swift; sourceTree = "<group>"; };
		7537C6F221A2EF2F00334171 /* IssueTwo.storyboard */ = {isa = PBXFileReference; lastKnownFileType = file.storyboard; path = IssueTwo.storyboard; sourceTree = "<group>"; };
		7537C6F421A2F07800334171 /* IssueThree.storyboard */ = {isa = PBXFileReference; lastKnownFileType = file.storyboard; path = IssueThree.storyboard; sourceTree = "<group>"; };
		7537C6F621A2F08400334171 /* IssueFour.storyboard */ = {isa = PBXFileReference; lastKnownFileType = file.storyboard; path = IssueFour.storyboard; sourceTree = "<group>"; };
		7537C6F821A2F08E00334171 /* IssueFive.storyboard */ = {isa = PBXFileReference; lastKnownFileType = file.storyboard; path = IssueFive.storyboard; sourceTree = "<group>"; };
		7537C6FA21A2F09800334171 /* IssueSix.storyboard */ = {isa = PBXFileReference; lastKnownFileType = file.storyboard; path = IssueSix.storyboard; sourceTree = "<group>"; };
		7537C6FC21A2F0A400334171 /* IssueSeven.storyboard */ = {isa = PBXFileReference; lastKnownFileType = file.storyboard; path = IssueSeven.storyboard; sourceTree = "<group>"; };
		7537C6FE21A2F0AF00334171 /* IssueEight.storyboard */ = {isa = PBXFileReference; lastKnownFileType = file.storyboard; path = IssueEight.storyboard; sourceTree = "<group>"; };
		7537C70121A2F23E00334171 /* UIViewController.swift */ = {isa = PBXFileReference; lastKnownFileType = sourcecode.swift; path = UIViewController.swift; sourceTree = "<group>"; };
		753B2C59218E8B2600FFE2D4 /* PhotoCell.xib */ = {isa = PBXFileReference; lastKnownFileType = file.xib; path = PhotoCell.xib; sourceTree = "<group>"; };
		753B2C5B218E8C1200FFE2D4 /* PhotoCell.swift */ = {isa = PBXFileReference; lastKnownFileType = sourcecode.swift; path = PhotoCell.swift; sourceTree = "<group>"; };
		753B2C6F218F5C3C00FFE2D4 /* IssueOne.storyboard */ = {isa = PBXFileReference; lastKnownFileType = file.storyboard; path = IssueOne.storyboard; sourceTree = "<group>"; };
		753B2C72218F5CB200FFE2D4 /* IssueOneIntroViewController.swift */ = {isa = PBXFileReference; lastKnownFileType = sourcecode.swift; path = IssueOneIntroViewController.swift; sourceTree = "<group>"; };
		753B2C76218F61EF00FFE2D4 /* IssueOnePage1ViewController.swift */ = {isa = PBXFileReference; lastKnownFileType = sourcecode.swift; path = IssueOnePage1ViewController.swift; sourceTree = "<group>"; };
		75693FB92173A9F900FE893E /* FashionDVT.app */ = {isa = PBXFileReference; explicitFileType = wrapper.application; includeInIndex = 0; path = FashionDVT.app; sourceTree = BUILT_PRODUCTS_DIR; };
		75693FBC2173A9F900FE893E /* AppDelegate.swift */ = {isa = PBXFileReference; lastKnownFileType = sourcecode.swift; path = AppDelegate.swift; sourceTree = "<group>"; };
		75693FBE2173A9F900FE893E /* StartViewController.swift */ = {isa = PBXFileReference; lastKnownFileType = sourcecode.swift; path = StartViewController.swift; sourceTree = "<group>"; };
		75693FC12173A9F900FE893E /* Base */ = {isa = PBXFileReference; lastKnownFileType = file.storyboard; name = Base; path = Base.lproj/Main.storyboard; sourceTree = "<group>"; };
		75693FC32173A9FC00FE893E /* Assets.xcassets */ = {isa = PBXFileReference; lastKnownFileType = folder.assetcatalog; path = Assets.xcassets; sourceTree = "<group>"; };
		75693FC62173A9FC00FE893E /* Base */ = {isa = PBXFileReference; lastKnownFileType = file.storyboard; name = Base; path = Base.lproj/LaunchScreen.storyboard; sourceTree = "<group>"; };
		75693FC82173A9FC00FE893E /* Info.plist */ = {isa = PBXFileReference; lastKnownFileType = text.plist.xml; path = Info.plist; sourceTree = "<group>"; };
		75693FD42173B78200FE893E /* AnimationView.swift */ = {isa = PBXFileReference; lastKnownFileType = sourcecode.swift; path = AnimationView.swift; sourceTree = "<group>"; };
		75693FD82173BDCE00FE893E /* AnimationLoop.swift */ = {isa = PBXFileReference; lastKnownFileType = sourcecode.swift; path = AnimationLoop.swift; sourceTree = "<group>"; };
		757D9C1E21B41517000BD139 /* IssueSixIntroViewController.swift */ = {isa = PBXFileReference; lastKnownFileType = sourcecode.swift; path = IssueSixIntroViewController.swift; sourceTree = "<group>"; };
		757D9C2321B419E8000BD139 /* benucci_0.png */ = {isa = PBXFileReference; lastKnownFileType = image.png; path = benucci_0.png; sourceTree = "<group>"; };
		757DC1FF218D2A5D00D361E5 /* GalleryViewController.swift */ = {isa = PBXFileReference; lastKnownFileType = sourcecode.swift; path = GalleryViewController.swift; sourceTree = "<group>"; };
		759D59E621A087CD00E285AC /* IssueOneTextViewController.swift */ = {isa = PBXFileReference; lastKnownFileType = sourcecode.swift; path = IssueOneTextViewController.swift; sourceTree = "<group>"; };
		759D59EC21A08B2200E285AC /* TextView.swift */ = {isa = PBXFileReference; lastKnownFileType = sourcecode.swift; path = TextView.swift; sourceTree = "<group>"; };
		759D59EE21A1C99500E285AC /* IssueOneGalleryViewController.swift */ = {isa = PBXFileReference; lastKnownFileType = sourcecode.swift; path = IssueOneGalleryViewController.swift; sourceTree = "<group>"; };
		759D5A0021A1CD7300E285AC /* IssueOnePhotoViewController.swift */ = {isa = PBXFileReference; lastKnownFileType = sourcecode.swift; path = IssueOnePhotoViewController.swift; sourceTree = "<group>"; };
		759D5A0421A1D34D00E285AC /* UINavigationController.swift */ = {isa = PBXFileReference; lastKnownFileType = sourcecode.swift; path = UINavigationController.swift; sourceTree = "<group>"; };
		759F504621BE766700788032 /* anima_aline_v3.json */ = {isa = PBXFileReference; fileEncoding = 4; lastKnownFileType = text.json; path = anima_aline_v3.json; sourceTree = "<group>"; wrapsLines = 1; };
		759F504821BE789500788032 /* anima_benucci_v3.json */ = {isa = PBXFileReference; fileEncoding = 4; lastKnownFileType = text.json; path = anima_benucci_v3.json; sourceTree = "<group>"; wrapsLines = 1; };
		759F504A21BE79A400788032 /* benucci_1.png */ = {isa = PBXFileReference; lastKnownFileType = image.png; path = benucci_1.png; sourceTree = "<group>"; };
		759F504C21BE7E0D00788032 /* IssueSevenPhotoViewController.swift */ = {isa = PBXFileReference; lastKnownFileType = sourcecode.swift; path = IssueSevenPhotoViewController.swift; sourceTree = "<group>"; };
		759F505021BE867200788032 /* IssueSixTextViewController.swift */ = {isa = PBXFileReference; lastKnownFileType = sourcecode.swift; path = IssueSixTextViewController.swift; sourceTree = "<group>"; };
		759F505221BE869400788032 /* IssueSixGalleryViewController.swift */ = {isa = PBXFileReference; lastKnownFileType = sourcecode.swift; path = IssueSixGalleryViewController.swift; sourceTree = "<group>"; };
		759F505421BE86B100788032 /* IssueSixPhotoViewController.swift */ = {isa = PBXFileReference; lastKnownFileType = sourcecode.swift; path = IssueSixPhotoViewController.swift; sourceTree = "<group>"; };
		759F507521C1278800788032 /* indigo_0.png */ = {isa = PBXFileReference; lastKnownFileType = image.png; path = indigo_0.png; sourceTree = "<group>"; };
		759F507621C1278800788032 /* indigo_3.png */ = {isa = PBXFileReference; lastKnownFileType = image.png; path = indigo_3.png; sourceTree = "<group>"; };
		759F507721C1278900788032 /* indigo_2.png */ = {isa = PBXFileReference; lastKnownFileType = image.png; path = indigo_2.png; sourceTree = "<group>"; };
		759F507821C1278900788032 /* indigo_1.png */ = {isa = PBXFileReference; lastKnownFileType = image.png; path = indigo_1.png; sourceTree = "<group>"; };
		759F507D21C127AE00788032 /* anima_indigo.json */ = {isa = PBXFileReference; fileEncoding = 4; lastKnownFileType = text.json; path = anima_indigo.json; sourceTree = "<group>"; wrapsLines = 1; };
		759F507F21C1283C00788032 /* IssueEightIntroViewController.swift */ = {isa = PBXFileReference; lastKnownFileType = sourcecode.swift; path = IssueEightIntroViewController.swift; sourceTree = "<group>"; };
		759F508121C6991400788032 /* IssueEightTextViewController.swift */ = {isa = PBXFileReference; lastKnownFileType = sourcecode.swift; path = IssueEightTextViewController.swift; sourceTree = "<group>"; };
		75D77AD821A9F5F000AB24A0 /* img_0.png */ = {isa = PBXFileReference; lastKnownFileType = image.png; path = img_0.png; sourceTree = "<group>"; };
		75D77AD921A9F5F000AB24A0 /* img_1.png */ = {isa = PBXFileReference; lastKnownFileType = image.png; path = img_1.png; sourceTree = "<group>"; };
		75D77ADA21A9F5F000AB24A0 /* img_2.png */ = {isa = PBXFileReference; lastKnownFileType = image.png; path = img_2.png; sourceTree = "<group>"; };
		75D77ADB21A9F5F100AB24A0 /* img_3.png */ = {isa = PBXFileReference; lastKnownFileType = image.png; path = img_3.png; sourceTree = "<group>"; };
		75D77AE321A9FEB000AB24A0 /* aline_3.png */ = {isa = PBXFileReference; lastKnownFileType = image.png; path = aline_3.png; sourceTree = "<group>"; };
		75D77AE421A9FEB000AB24A0 /* aline_0.png */ = {isa = PBXFileReference; lastKnownFileType = image.png; path = aline_0.png; sourceTree = "<group>"; };
		75D77AE521A9FEB100AB24A0 /* aline_1.png */ = {isa = PBXFileReference; lastKnownFileType = image.png; path = aline_1.png; sourceTree = "<group>"; };
		75D77AE621A9FEB100AB24A0 /* aline_2.png */ = {isa = PBXFileReference; lastKnownFileType = image.png; path = aline_2.png; sourceTree = "<group>"; };
		75D77AED21A9FF2900AB24A0 /* IssueTwoIntroViewController.swift */ = {isa = PBXFileReference; lastKnownFileType = sourcecode.swift; path = IssueTwoIntroViewController.swift; sourceTree = "<group>"; };
		75D77AEF21AA02F500AB24A0 /* IssueTwoSmallTextViewController.swift */ = {isa = PBXFileReference; lastKnownFileType = sourcecode.swift; path = IssueTwoSmallTextViewController.swift; sourceTree = "<group>"; };
		75D77AF121AA04C100AB24A0 /* IssueTwoTextViewController.swift */ = {isa = PBXFileReference; lastKnownFileType = sourcecode.swift; path = IssueTwoTextViewController.swift; sourceTree = "<group>"; };
		75D77AF321AA072D00AB24A0 /* IssueTwoGalleryViewController.swift */ = {isa = PBXFileReference; lastKnownFileType = sourcecode.swift; path = IssueTwoGalleryViewController.swift; sourceTree = "<group>"; };
		75D77AF521AA0A0400AB24A0 /* IssueTwoPhotoViewController.swift */ = {isa = PBXFileReference; lastKnownFileType = sourcecode.swift; path = IssueTwoPhotoViewController.swift; sourceTree = "<group>"; };
		75D77AF721AA1B2D00AB24A0 /* anima_arte.json */ = {isa = PBXFileReference; fileEncoding = 4; lastKnownFileType = text.json; path = anima_arte.json; sourceTree = "<group>"; };
		75D77AFA21AA1B4300AB24A0 /* arte_2.png */ = {isa = PBXFileReference; lastKnownFileType = image.png; path = arte_2.png; sourceTree = "<group>"; };
		75D77AFB21AA1B4400AB24A0 /* arte_1.png */ = {isa = PBXFileReference; lastKnownFileType = image.png; path = arte_1.png; sourceTree = "<group>"; };
		75D77AFC21AA1B4400AB24A0 /* arte_0.png */ = {isa = PBXFileReference; lastKnownFileType = image.png; path = arte_0.png; sourceTree = "<group>"; };
		75D77B0021AA1BA700AB24A0 /* IssueThreeIntroViewController.swift */ = {isa = PBXFileReference; lastKnownFileType = sourcecode.swift; path = IssueThreeIntroViewController.swift; sourceTree = "<group>"; };
		75D77B0221AA1D0700AB24A0 /* IssueFourIntroViewController.swift */ = {isa = PBXFileReference; lastKnownFileType = sourcecode.swift; path = IssueFourIntroViewController.swift; sourceTree = "<group>"; };
		75D77B0421AA1D2600AB24A0 /* IssueFiveIntroViewController.swift */ = {isa = PBXFileReference; lastKnownFileType = sourcecode.swift; path = IssueFiveIntroViewController.swift; sourceTree = "<group>"; };
		75D77B0721AA1E7800AB24A0 /* weme_2.png */ = {isa = PBXFileReference; lastKnownFileType = image.png; path = weme_2.png; sourceTree = "<group>"; };
		75D77B0821AA1E7800AB24A0 /* weme_1.png */ = {isa = PBXFileReference; lastKnownFileType = image.png; path = weme_1.png; sourceTree = "<group>"; };
		75D77B0921AA1E7900AB24A0 /* weme_3.png */ = {isa = PBXFileReference; lastKnownFileType = image.png; path = weme_3.png; sourceTree = "<group>"; };
		75D77B0A21AA1E7900AB24A0 /* weme_0.png */ = {isa = PBXFileReference; lastKnownFileType = image.png; path = weme_0.png; sourceTree = "<group>"; };
		75D77B1221AA215100AB24A0 /* lacre_0.png */ = {isa = PBXFileReference; lastKnownFileType = image.png; path = lacre_0.png; sourceTree = "<group>"; };
		75D77B1321AA215100AB24A0 /* anima_lacre.json */ = {isa = PBXFileReference; fileEncoding = 4; lastKnownFileType = text.json; path = anima_lacre.json; sourceTree = "<group>"; };
		75D77B1421AA215200AB24A0 /* lacre_1.png */ = {isa = PBXFileReference; lastKnownFileType = image.png; path = lacre_1.png; sourceTree = "<group>"; };
		75D77B1821AA270F00AB24A0 /* IssueThreeTextViewController.swift */ = {isa = PBXFileReference; lastKnownFileType = sourcecode.swift; path = IssueThreeTextViewController.swift; sourceTree = "<group>"; };
		75D77B1A21AA28D100AB24A0 /* IssueThreeGalleryViewController.swift */ = {isa = PBXFileReference; lastKnownFileType = sourcecode.swift; path = IssueThreeGalleryViewController.swift; sourceTree = "<group>"; };
		75D77B1C21AA2A9500AB24A0 /* IssueThreePhotoViewController.swift */ = {isa = PBXFileReference; lastKnownFileType = sourcecode.swift; path = IssueThreePhotoViewController.swift; sourceTree = "<group>"; };
		75D77B2C21ACCB8300AB24A0 /* anima_ensou_v2.json */ = {isa = PBXFileReference; fileEncoding = 4; lastKnownFileType = text.json; path = anima_ensou_v2.json; sourceTree = "<group>"; };
		75D77B3221ACD9DF00AB24A0 /* anima_weme_v2.json */ = {isa = PBXFileReference; fileEncoding = 4; lastKnownFileType = text.json; path = anima_weme_v2.json; sourceTree = "<group>"; };
		F1AEE6BDC1AF84533EAB4C60 /* Pods_FashionDVT.framework */ = {isa = PBXFileReference; explicitFileType = wrapper.framework; includeInIndex = 0; path = Pods_FashionDVT.framework; sourceTree = BUILT_PRODUCTS_DIR; };
/* End PBXFileReference section */

/* Begin PBXFrameworksBuildPhase section */
		75693FB62173A9F900FE893E /* Frameworks */ = {
			isa = PBXFrameworksBuildPhase;
			buildActionMask = 2147483647;
			files = (
				FCB0C5EE8A06D2EF5D3F0517 /* Pods_FashionDVT.framework in Frameworks */,
			);
			runOnlyForDeploymentPostprocessing = 0;
		};
/* End PBXFrameworksBuildPhase section */

/* Begin PBXGroup section */
		08660822081AA5A03D075436 /* Frameworks */ = {
			isa = PBXGroup;
			children = (
				F1AEE6BDC1AF84533EAB4C60 /* Pods_FashionDVT.framework */,
			);
			name = Frameworks;
			sourceTree = "<group>";
		};
		47B5EF675DA7BF9C1A6B6839 /* Pods */ = {
			isa = PBXGroup;
			children = (
				07441D0B86FF60F7EE3984B7 /* Pods-FashionDVT.debug.xcconfig */,
				5A69C9D2E79012BC70DA0C4B /* Pods-FashionDVT.release.xcconfig */,
			);
			name = Pods;
			sourceTree = "<group>";
		};
		7537C6E921A2EA6D00334171 /* IssueTwo */ = {
			isa = PBXGroup;
			children = (
				7537C6F221A2EF2F00334171 /* IssueTwo.storyboard */,
				75D77AED21A9FF2900AB24A0 /* IssueTwoIntroViewController.swift */,
				75D77AEF21AA02F500AB24A0 /* IssueTwoSmallTextViewController.swift */,
				75D77AF121AA04C100AB24A0 /* IssueTwoTextViewController.swift */,
				75D77AF321AA072D00AB24A0 /* IssueTwoGalleryViewController.swift */,
				75D77AF521AA0A0400AB24A0 /* IssueTwoPhotoViewController.swift */,
			);
			path = IssueTwo;
			sourceTree = "<group>";
		};
		7537C6EA21A2EA7700334171 /* IssueThree */ = {
			isa = PBXGroup;
			children = (
				7537C6F421A2F07800334171 /* IssueThree.storyboard */,
				75D77B0021AA1BA700AB24A0 /* IssueThreeIntroViewController.swift */,
				75D77B1821AA270F00AB24A0 /* IssueThreeTextViewController.swift */,
				75D77B1A21AA28D100AB24A0 /* IssueThreeGalleryViewController.swift */,
				75D77B1C21AA2A9500AB24A0 /* IssueThreePhotoViewController.swift */,
			);
			path = IssueThree;
			sourceTree = "<group>";
		};
		7537C6EB21A2EA8100334171 /* IssueFour */ = {
			isa = PBXGroup;
			children = (
				7537C6F621A2F08400334171 /* IssueFour.storyboard */,
				75D77B0221AA1D0700AB24A0 /* IssueFourIntroViewController.swift */,
				750A813C21B54D1E003F2CB2 /* IssueFourTextViewController.swift */,
				750A813E21B54E49003F2CB2 /* IssueFourGalleryViewController.swift */,
				750A814021B54F10003F2CB2 /* IssueFourPhotoViewController.swift */,
			);
			path = IssueFour;
			sourceTree = "<group>";
		};
		7537C6EC21A2EA8A00334171 /* IssueFive */ = {
			isa = PBXGroup;
			children = (
				7537C6F821A2F08E00334171 /* IssueFive.storyboard */,
				75D77B0421AA1D2600AB24A0 /* IssueFiveIntroViewController.swift */,
				750A813821B54600003F2CB2 /* IssueFiveTextViewController.swift */,
				750A813A21B54737003F2CB2 /* IssueFiveGalleryViewController.swift */,
			);
			name = IssueFive;
			sourceTree = "<group>";
		};
		7537C6ED21A2EA9100334171 /* IssueSix */ = {
			isa = PBXGroup;
			children = (
				7537C6FA21A2F09800334171 /* IssueSix.storyboard */,
				757D9C1E21B41517000BD139 /* IssueSixIntroViewController.swift */,
			);
			path = IssueSix;
			sourceTree = "<group>";
		};
		7537C6EE21A2EA9700334171 /* IssueSeven */ = {
			isa = PBXGroup;
			children = (
				7537C6FC21A2F0A400334171 /* IssueSeven.storyboard */,
				759F504C21BE7E0D00788032 /* IssueSevenPhotoViewController.swift */,
				759F505021BE867200788032 /* IssueSixTextViewController.swift */,
				759F505221BE869400788032 /* IssueSixGalleryViewController.swift */,
				759F505421BE86B100788032 /* IssueSixPhotoViewController.swift */,
			);
			path = IssueSeven;
			sourceTree = "<group>";
		};
		7537C6EF21A2EA9E00334171 /* IssueEight */ = {
			isa = PBXGroup;
			children = (
				7537C6FE21A2F0AF00334171 /* IssueEight.storyboard */,
				759F507F21C1283C00788032 /* IssueEightIntroViewController.swift */,
				759F508121C6991400788032 /* IssueEightTextViewController.swift */,
			);
			path = IssueEight;
			sourceTree = "<group>";
		};
		7537C70021A2F22400334171 /* Extensions */ = {
			isa = PBXGroup;
			children = (
				759D5A0421A1D34D00E285AC /* UINavigationController.swift */,
				7537C70121A2F23E00334171 /* UIViewController.swift */,
			);
			path = Extensions;
			sourceTree = "<group>";
		};
		75397F49218CE90D007816E5 /* images */ = {
			isa = PBXGroup;
			children = (
				759F507421C1277700788032 /* indigo */,
				757D9C2221B419CD000BD139 /* benucci */,
				75D77B1121AA213500AB24A0 /* lacre */,
				75D77B0621AA1E6F00AB24A0 /* weme */,
				75D77AF921AA1B3800AB24A0 /* arte */,
				75D77AE221A9FE9E00AB24A0 /* aline_rocha */,
				75D77AE021A9F5FC00AB24A0 /* ensou */,
			);
			path = images;
			sourceTree = "<group>";
		};
		753B2C71218F5C8E00FFE2D4 /* IssueOne */ = {
			isa = PBXGroup;
			children = (
				753B2C6F218F5C3C00FFE2D4 /* IssueOne.storyboard */,
				753B2C72218F5CB200FFE2D4 /* IssueOneIntroViewController.swift */,
				753B2C76218F61EF00FFE2D4 /* IssueOnePage1ViewController.swift */,
				759D59E621A087CD00E285AC /* IssueOneTextViewController.swift */,
				759D59EE21A1C99500E285AC /* IssueOneGalleryViewController.swift */,
				759D5A0021A1CD7300E285AC /* IssueOnePhotoViewController.swift */,
			);
			path = IssueOne;
			sourceTree = "<group>";
		};
		75693FB02173A9F900FE893E = {
			isa = PBXGroup;
			children = (
				75397F49218CE90D007816E5 /* images */,
				75693FCE2173B08000FE893E /* LottieFiles */,
				75693FBB2173A9F900FE893E /* FashionDVT */,
				75693FBA2173A9F900FE893E /* Products */,
				47B5EF675DA7BF9C1A6B6839 /* Pods */,
				08660822081AA5A03D075436 /* Frameworks */,
			);
			sourceTree = "<group>";
		};
		75693FBA2173A9F900FE893E /* Products */ = {
			isa = PBXGroup;
			children = (
				75693FB92173A9F900FE893E /* FashionDVT.app */,
			);
			name = Products;
			sourceTree = "<group>";
		};
		75693FBB2173A9F900FE893E /* FashionDVT */ = {
			isa = PBXGroup;
			children = (
				7537C70021A2F22400334171 /* Extensions */,
				7537C6EF21A2EA9E00334171 /* IssueEight */,
				7537C6EE21A2EA9700334171 /* IssueSeven */,
				7537C6ED21A2EA9100334171 /* IssueSix */,
				7537C6EC21A2EA8A00334171 /* IssueFive */,
				7537C6EB21A2EA8100334171 /* IssueFour */,
				7537C6EA21A2EA7700334171 /* IssueThree */,
				7537C6E921A2EA6D00334171 /* IssueTwo */,
				753B2C71218F5C8E00FFE2D4 /* IssueOne */,
				75693FD32173B77200FE893E /* Components */,
				75693FBC2173A9F900FE893E /* AppDelegate.swift */,
				75693FBE2173A9F900FE893E /* StartViewController.swift */,
				757DC1FF218D2A5D00D361E5 /* GalleryViewController.swift */,
				75693FC02173A9F900FE893E /* Main.storyboard */,
				75693FC32173A9FC00FE893E /* Assets.xcassets */,
				75693FC52173A9FC00FE893E /* LaunchScreen.storyboard */,
				75693FC82173A9FC00FE893E /* Info.plist */,
			);
			path = FashionDVT;
			sourceTree = "<group>";
		};
		75693FCE2173B08000FE893E /* LottieFiles */ = {
			isa = PBXGroup;
			children = (
				759F507D21C127AE00788032 /* anima_indigo.json */,
				75D77B1321AA215100AB24A0 /* anima_lacre.json */,
				75D77B3221ACD9DF00AB24A0 /* anima_weme_v2.json */,
				759F504821BE789500788032 /* anima_benucci_v3.json */,
				75D77B2C21ACCB8300AB24A0 /* anima_ensou_v2.json */,
				759F504621BE766700788032 /* anima_aline_v3.json */,
				75D77AF721AA1B2D00AB24A0 /* anima_arte.json */,
			);
			path = LottieFiles;
			sourceTree = "<group>";
		};
		75693FD32173B77200FE893E /* Components */ = {
			isa = PBXGroup;
			children = (
				753B2C59218E8B2600FFE2D4 /* PhotoCell.xib */,
				753B2C5B218E8C1200FFE2D4 /* PhotoCell.swift */,
				75693FD42173B78200FE893E /* AnimationView.swift */,
				75693FD82173BDCE00FE893E /* AnimationLoop.swift */,
				759D59EC21A08B2200E285AC /* TextView.swift */,
			);
			path = Components;
			sourceTree = "<group>";
		};
		757D9C2221B419CD000BD139 /* benucci */ = {
			isa = PBXGroup;
			children = (
				757D9C2321B419E8000BD139 /* benucci_0.png */,
				759F504A21BE79A400788032 /* benucci_1.png */,
			);
			path = benucci;
			sourceTree = "<group>";
		};
		759F507421C1277700788032 /* indigo */ = {
			isa = PBXGroup;
			children = (
				759F507521C1278800788032 /* indigo_0.png */,
				759F507821C1278900788032 /* indigo_1.png */,
				759F507721C1278900788032 /* indigo_2.png */,
				759F507621C1278800788032 /* indigo_3.png */,
			);
			path = indigo;
			sourceTree = "<group>";
		};
		75D77AE021A9F5FC00AB24A0 /* ensou */ = {
			isa = PBXGroup;
			children = (
				75D77AD921A9F5F000AB24A0 /* img_1.png */,
				75D77ADA21A9F5F000AB24A0 /* img_2.png */,
				75D77ADB21A9F5F100AB24A0 /* img_3.png */,
				75D77AD821A9F5F000AB24A0 /* img_0.png */,
			);
			path = ensou;
			sourceTree = "<group>";
		};
		75D77AE221A9FE9E00AB24A0 /* aline_rocha */ = {
			isa = PBXGroup;
			children = (
				75D77AE421A9FEB000AB24A0 /* aline_0.png */,
				75D77AE521A9FEB100AB24A0 /* aline_1.png */,
				75D77AE621A9FEB100AB24A0 /* aline_2.png */,
				75D77AE321A9FEB000AB24A0 /* aline_3.png */,
			);
			path = aline_rocha;
			sourceTree = "<group>";
		};
		75D77AF921AA1B3800AB24A0 /* arte */ = {
			isa = PBXGroup;
			children = (
				75D77AFC21AA1B4400AB24A0 /* arte_0.png */,
				75D77AFB21AA1B4400AB24A0 /* arte_1.png */,
				75D77AFA21AA1B4300AB24A0 /* arte_2.png */,
			);
			path = arte;
			sourceTree = "<group>";
		};
		75D77B0621AA1E6F00AB24A0 /* weme */ = {
			isa = PBXGroup;
			children = (
				75D77B0A21AA1E7900AB24A0 /* weme_0.png */,
				75D77B0821AA1E7800AB24A0 /* weme_1.png */,
				75D77B0721AA1E7800AB24A0 /* weme_2.png */,
				75D77B0921AA1E7900AB24A0 /* weme_3.png */,
			);
			path = weme;
			sourceTree = "<group>";
		};
		75D77B1121AA213500AB24A0 /* lacre */ = {
			isa = PBXGroup;
			children = (
				75D77B1221AA215100AB24A0 /* lacre_0.png */,
				75D77B1421AA215200AB24A0 /* lacre_1.png */,
			);
			path = lacre;
			sourceTree = "<group>";
		};
/* End PBXGroup section */

/* Begin PBXNativeTarget section */
		75693FB82173A9F900FE893E /* FashionDVT */ = {
			isa = PBXNativeTarget;
			buildConfigurationList = 75693FCB2173A9FC00FE893E /* Build configuration list for PBXNativeTarget "FashionDVT" */;
			buildPhases = (
				F6FAFC2B6B8DAC953FDC591B /* [CP] Check Pods Manifest.lock */,
				75693FB52173A9F900FE893E /* Sources */,
				75693FB62173A9F900FE893E /* Frameworks */,
				75693FB72173A9F900FE893E /* Resources */,
				E39F20D68964FC997125FB0D /* [CP] Embed Pods Frameworks */,
			);
			buildRules = (
			);
			dependencies = (
			);
			name = FashionDVT;
			productName = FashionDVT;
			productReference = 75693FB92173A9F900FE893E /* FashionDVT.app */;
			productType = "com.apple.product-type.application";
		};
/* End PBXNativeTarget section */

/* Begin PBXProject section */
		75693FB12173A9F900FE893E /* Project object */ = {
			isa = PBXProject;
			attributes = {
				LastSwiftUpdateCheck = 1000;
				LastUpgradeCheck = 1000;
				ORGANIZATIONNAME = "Lucas Pedrazoli";
				TargetAttributes = {
					75693FB82173A9F900FE893E = {
						CreatedOnToolsVersion = 10.0;
					};
				};
			};
			buildConfigurationList = 75693FB42173A9F900FE893E /* Build configuration list for PBXProject "FashionDVT" */;
			compatibilityVersion = "Xcode 9.3";
			developmentRegion = en;
			hasScannedForEncodings = 0;
			knownRegions = (
				en,
				Base,
			);
			mainGroup = 75693FB02173A9F900FE893E;
			productRefGroup = 75693FBA2173A9F900FE893E /* Products */;
			projectDirPath = "";
			projectRoot = "";
			targets = (
				75693FB82173A9F900FE893E /* FashionDVT */,
			);
		};
/* End PBXProject section */

/* Begin PBXResourcesBuildPhase section */
		75693FB72173A9F900FE893E /* Resources */ = {
			isa = PBXResourcesBuildPhase;
			buildActionMask = 2147483647;
			files = (
				753B2C5A218E8B2600FFE2D4 /* PhotoCell.xib in Resources */,
				75D77AEA21A9FEB100AB24A0 /* aline_2.png in Resources */,
				75D77AFE21AA1B4400AB24A0 /* arte_1.png in Resources */,
				75D77ADE21A9F5F100AB24A0 /* img_2.png in Resources */,
				75D77B1521AA215200AB24A0 /* lacre_0.png in Resources */,
				75D77B0B21AA1E7900AB24A0 /* weme_2.png in Resources */,
				759F504721BE766700788032 /* anima_aline_v3.json in Resources */,
				75D77ADC21A9F5F100AB24A0 /* img_0.png in Resources */,
				7537C6F521A2F07800334171 /* IssueThree.storyboard in Resources */,
				7537C6FB21A2F09800334171 /* IssueSix.storyboard in Resources */,
				759F507B21C1278900788032 /* indigo_2.png in Resources */,
				7537C6FF21A2F0AF00334171 /* IssueEight.storyboard in Resources */,
				75D77B0D21AA1E7900AB24A0 /* weme_3.png in Resources */,
				759F504921BE789500788032 /* anima_benucci_v3.json in Resources */,
				759F507E21C127AE00788032 /* anima_indigo.json in Resources */,
				7537C6F321A2EF2F00334171 /* IssueTwo.storyboard in Resources */,
				75D77B0E21AA1E7900AB24A0 /* weme_0.png in Resources */,
				75D77B1721AA215200AB24A0 /* lacre_1.png in Resources */,
				75D77AE721A9FEB100AB24A0 /* aline_3.png in Resources */,
				7537C6F721A2F08400334171 /* IssueFour.storyboard in Resources */,
				75D77AFD21AA1B4400AB24A0 /* arte_2.png in Resources */,
				75D77B0C21AA1E7900AB24A0 /* weme_1.png in Resources */,
				75D77B2D21ACCB8300AB24A0 /* anima_ensou_v2.json in Resources */,
				753B2C70218F5C3C00FFE2D4 /* IssueOne.storyboard in Resources */,
				75693FC72173A9FC00FE893E /* LaunchScreen.storyboard in Resources */,
				75D77B1621AA215200AB24A0 /* anima_lacre.json in Resources */,
				759F507921C1278900788032 /* indigo_0.png in Resources */,
				75D77ADF21A9F5F100AB24A0 /* img_3.png in Resources */,
				75693FC42173A9FC00FE893E /* Assets.xcassets in Resources */,
				75D77AF821AA1B2D00AB24A0 /* anima_arte.json in Resources */,
				759F507C21C1278900788032 /* indigo_1.png in Resources */,
				759F504B21BE79A400788032 /* benucci_1.png in Resources */,
				759F507A21C1278900788032 /* indigo_3.png in Resources */,
				7537C6FD21A2F0A400334171 /* IssueSeven.storyboard in Resources */,
				75D77B3321ACD9DF00AB24A0 /* anima_weme_v2.json in Resources */,
				75D77AE921A9FEB100AB24A0 /* aline_1.png in Resources */,
				75D77ADD21A9F5F100AB24A0 /* img_1.png in Resources */,
				75D77AFF21AA1B4400AB24A0 /* arte_0.png in Resources */,
				757D9C2521B419E8000BD139 /* benucci_0.png in Resources */,
				7537C6F921A2F08E00334171 /* IssueFive.storyboard in Resources */,
				75693FC22173A9F900FE893E /* Main.storyboard in Resources */,
				75D77AE821A9FEB100AB24A0 /* aline_0.png in Resources */,
			);
			runOnlyForDeploymentPostprocessing = 0;
		};
/* End PBXResourcesBuildPhase section */

/* Begin PBXShellScriptBuildPhase section */
		E39F20D68964FC997125FB0D /* [CP] Embed Pods Frameworks */ = {
			isa = PBXShellScriptBuildPhase;
			buildActionMask = 2147483647;
			files = (
			);
			inputPaths = (
				"${SRCROOT}/Pods/Target Support Files/Pods-FashionDVT/Pods-FashionDVT-frameworks.sh",
				"${BUILT_PRODUCTS_DIR}/Hero/Hero.framework",
				"${BUILT_PRODUCTS_DIR}/RQShineLabel/RQShineLabel.framework",
				"${BUILT_PRODUCTS_DIR}/TransitionButton/TransitionButton.framework",
				"${BUILT_PRODUCTS_DIR}/ViewAnimator/ViewAnimator.framework",
				"${BUILT_PRODUCTS_DIR}/lottie-ios/Lottie.framework",
			);
			name = "[CP] Embed Pods Frameworks";
			outputPaths = (
				"${TARGET_BUILD_DIR}/${FRAMEWORKS_FOLDER_PATH}/Hero.framework",
				"${TARGET_BUILD_DIR}/${FRAMEWORKS_FOLDER_PATH}/RQShineLabel.framework",
				"${TARGET_BUILD_DIR}/${FRAMEWORKS_FOLDER_PATH}/TransitionButton.framework",
				"${TARGET_BUILD_DIR}/${FRAMEWORKS_FOLDER_PATH}/ViewAnimator.framework",
				"${TARGET_BUILD_DIR}/${FRAMEWORKS_FOLDER_PATH}/Lottie.framework",
			);
			runOnlyForDeploymentPostprocessing = 0;
			shellPath = /bin/sh;
			shellScript = "\"${SRCROOT}/Pods/Target Support Files/Pods-FashionDVT/Pods-FashionDVT-frameworks.sh\"\n";
			showEnvVarsInLog = 0;
		};
		F6FAFC2B6B8DAC953FDC591B /* [CP] Check Pods Manifest.lock */ = {
			isa = PBXShellScriptBuildPhase;
			buildActionMask = 2147483647;
			files = (
			);
			inputPaths = (
				"${PODS_PODFILE_DIR_PATH}/Podfile.lock",
				"${PODS_ROOT}/Manifest.lock",
			);
			name = "[CP] Check Pods Manifest.lock";
			outputPaths = (
				"$(DERIVED_FILE_DIR)/Pods-FashionDVT-checkManifestLockResult.txt",
			);
			runOnlyForDeploymentPostprocessing = 0;
			shellPath = /bin/sh;
			shellScript = "diff \"${PODS_PODFILE_DIR_PATH}/Podfile.lock\" \"${PODS_ROOT}/Manifest.lock\" > /dev/null\nif [ $? != 0 ] ; then\n    # print error to STDERR\n    echo \"error: The sandbox is not in sync with the Podfile.lock. Run 'pod install' or update your CocoaPods installation.\" >&2\n    exit 1\nfi\n# This output is used by Xcode 'outputs' to avoid re-running this script phase.\necho \"SUCCESS\" > \"${SCRIPT_OUTPUT_FILE_0}\"\n";
			showEnvVarsInLog = 0;
		};
/* End PBXShellScriptBuildPhase section */

/* Begin PBXSourcesBuildPhase section */
		75693FB52173A9F900FE893E /* Sources */ = {
			isa = PBXSourcesBuildPhase;
			buildActionMask = 2147483647;
			files = (
				75D77B1921AA270F00AB24A0 /* IssueThreeTextViewController.swift in Sources */,
				75D77AF421AA072D00AB24A0 /* IssueTwoGalleryViewController.swift in Sources */,
				75D77B0521AA1D2600AB24A0 /* IssueFiveIntroViewController.swift in Sources */,
				759F505121BE867200788032 /* IssueSixTextViewController.swift in Sources */,
				75D77AF021AA02F500AB24A0 /* IssueTwoSmallTextViewController.swift in Sources */,
				753B2C5C218E8C1200FFE2D4 /* PhotoCell.swift in Sources */,
				750A814121B54F10003F2CB2 /* IssueFourPhotoViewController.swift in Sources */,
				75693FD52173B78200FE893E /* AnimationView.swift in Sources */,
				750A813D21B54D1E003F2CB2 /* IssueFourTextViewController.swift in Sources */,
				759F508021C1283C00788032 /* IssueEightIntroViewController.swift in Sources */,
				75693FBF2173A9F900FE893E /* StartViewController.swift in Sources */,
				75D77AEE21A9FF2900AB24A0 /* IssueTwoIntroViewController.swift in Sources */,
				753B2C77218F61EF00FFE2D4 /* IssueOnePage1ViewController.swift in Sources */,
				750A813B21B54737003F2CB2 /* IssueFiveGalleryViewController.swift in Sources */,
				759F508221C6991400788032 /* IssueEightTextViewController.swift in Sources */,
				757DC200218D2A5D00D361E5 /* GalleryViewController.swift in Sources */,
				75D77B1D21AA2A9500AB24A0 /* IssueThreePhotoViewController.swift in Sources */,
				759D59E721A087CD00E285AC /* IssueOneTextViewController.swift in Sources */,
				75D77B0121AA1BA700AB24A0 /* IssueThreeIntroViewController.swift in Sources */,
				75D77B0321AA1D0700AB24A0 /* IssueFourIntroViewController.swift in Sources */,
				759D5A0121A1CD7300E285AC /* IssueOnePhotoViewController.swift in Sources */,
				759F505521BE86B100788032 /* IssueSixPhotoViewController.swift in Sources */,
				75693FD92173BDCE00FE893E /* AnimationLoop.swift in Sources */,
				757D9C1F21B41517000BD139 /* IssueSixIntroViewController.swift in Sources */,
				750A813F21B54E49003F2CB2 /* IssueFourGalleryViewController.swift in Sources */,
				759F505321BE869400788032 /* IssueSixGalleryViewController.swift in Sources */,
				759D5A0521A1D34D00E285AC /* UINavigationController.swift in Sources */,
				750A813921B54601003F2CB2 /* IssueFiveTextViewController.swift in Sources */,
				75D77B1B21AA28D100AB24A0 /* IssueThreeGalleryViewController.swift in Sources */,
				759D59EF21A1C99500E285AC /* IssueOneGalleryViewController.swift in Sources */,
				759F504D21BE7E0D00788032 /* IssueSevenPhotoViewController.swift in Sources */,
				759D59ED21A08B2200E285AC /* TextView.swift in Sources */,
				75D77AF221AA04C100AB24A0 /* IssueTwoTextViewController.swift in Sources */,
				75D77AF621AA0A0400AB24A0 /* IssueTwoPhotoViewController.swift in Sources */,
				753B2C73218F5CB200FFE2D4 /* IssueOneIntroViewController.swift in Sources */,
				75693FBD2173A9F900FE893E /* AppDelegate.swift in Sources */,
				7537C70221A2F23E00334171 /* UIViewController.swift in Sources */,
			);
			runOnlyForDeploymentPostprocessing = 0;
		};
/* End PBXSourcesBuildPhase section */

/* Begin PBXVariantGroup section */
		75693FC02173A9F900FE893E /* Main.storyboard */ = {
			isa = PBXVariantGroup;
			children = (
				75693FC12173A9F900FE893E /* Base */,
			);
			name = Main.storyboard;
			sourceTree = "<group>";
		};
		75693FC52173A9FC00FE893E /* LaunchScreen.storyboard */ = {
			isa = PBXVariantGroup;
			children = (
				75693FC62173A9FC00FE893E /* Base */,
			);
			name = LaunchScreen.storyboard;
			sourceTree = "<group>";
		};
/* End PBXVariantGroup section */

/* Begin XCBuildConfiguration section */
		75693FC92173A9FC00FE893E /* Debug */ = {
			isa = XCBuildConfiguration;
			buildSettings = {
				ALWAYS_SEARCH_USER_PATHS = NO;
				CLANG_ANALYZER_NONNULL = YES;
				CLANG_ANALYZER_NUMBER_OBJECT_CONVERSION = YES_AGGRESSIVE;
				CLANG_CXX_LANGUAGE_STANDARD = "gnu++14";
				CLANG_CXX_LIBRARY = "libc++";
				CLANG_ENABLE_MODULES = YES;
				CLANG_ENABLE_OBJC_ARC = YES;
				CLANG_ENABLE_OBJC_WEAK = YES;
				CLANG_WARN_BLOCK_CAPTURE_AUTORELEASING = YES;
				CLANG_WARN_BOOL_CONVERSION = YES;
				CLANG_WARN_COMMA = YES;
				CLANG_WARN_CONSTANT_CONVERSION = YES;
				CLANG_WARN_DEPRECATED_OBJC_IMPLEMENTATIONS = YES;
				CLANG_WARN_DIRECT_OBJC_ISA_USAGE = YES_ERROR;
				CLANG_WARN_DOCUMENTATION_COMMENTS = YES;
				CLANG_WARN_EMPTY_BODY = YES;
				CLANG_WARN_ENUM_CONVERSION = YES;
				CLANG_WARN_INFINITE_RECURSION = YES;
				CLANG_WARN_INT_CONVERSION = YES;
				CLANG_WARN_NON_LITERAL_NULL_CONVERSION = YES;
				CLANG_WARN_OBJC_IMPLICIT_RETAIN_SELF = YES;
				CLANG_WARN_OBJC_LITERAL_CONVERSION = YES;
				CLANG_WARN_OBJC_ROOT_CLASS = YES_ERROR;
				CLANG_WARN_RANGE_LOOP_ANALYSIS = YES;
				CLANG_WARN_STRICT_PROTOTYPES = YES;
				CLANG_WARN_SUSPICIOUS_MOVE = YES;
				CLANG_WARN_UNGUARDED_AVAILABILITY = YES_AGGRESSIVE;
				CLANG_WARN_UNREACHABLE_CODE = YES;
				CLANG_WARN__DUPLICATE_METHOD_MATCH = YES;
				CODE_SIGN_IDENTITY = "iPhone Distribution: Lucas Pedrazoli (WWEPLJS9W3)";
				COPY_PHASE_STRIP = NO;
				DEBUG_INFORMATION_FORMAT = dwarf;
				ENABLE_STRICT_OBJC_MSGSEND = YES;
				ENABLE_TESTABILITY = YES;
				GCC_C_LANGUAGE_STANDARD = gnu11;
				GCC_DYNAMIC_NO_PIC = NO;
				GCC_NO_COMMON_BLOCKS = YES;
				GCC_OPTIMIZATION_LEVEL = 0;
				GCC_PREPROCESSOR_DEFINITIONS = (
					"DEBUG=1",
					"$(inherited)",
				);
				GCC_WARN_64_TO_32_BIT_CONVERSION = YES;
				GCC_WARN_ABOUT_RETURN_TYPE = YES_ERROR;
				GCC_WARN_UNDECLARED_SELECTOR = YES;
				GCC_WARN_UNINITIALIZED_AUTOS = YES_AGGRESSIVE;
				GCC_WARN_UNUSED_FUNCTION = YES;
				GCC_WARN_UNUSED_VARIABLE = YES;
				IPHONEOS_DEPLOYMENT_TARGET = 12.0;
				MTL_ENABLE_DEBUG_INFO = INCLUDE_SOURCE;
				MTL_FAST_MATH = YES;
				ONLY_ACTIVE_ARCH = YES;
				SDKROOT = iphoneos;
				SWIFT_ACTIVE_COMPILATION_CONDITIONS = DEBUG;
				SWIFT_OPTIMIZATION_LEVEL = "-Onone";
			};
			name = Debug;
		};
		75693FCA2173A9FC00FE893E /* Release */ = {
			isa = XCBuildConfiguration;
			buildSettings = {
				ALWAYS_SEARCH_USER_PATHS = NO;
				CLANG_ANALYZER_NONNULL = YES;
				CLANG_ANALYZER_NUMBER_OBJECT_CONVERSION = YES_AGGRESSIVE;
				CLANG_CXX_LANGUAGE_STANDARD = "gnu++14";
				CLANG_CXX_LIBRARY = "libc++";
				CLANG_ENABLE_MODULES = YES;
				CLANG_ENABLE_OBJC_ARC = YES;
				CLANG_ENABLE_OBJC_WEAK = YES;
				CLANG_WARN_BLOCK_CAPTURE_AUTORELEASING = YES;
				CLANG_WARN_BOOL_CONVERSION = YES;
				CLANG_WARN_COMMA = YES;
				CLANG_WARN_CONSTANT_CONVERSION = YES;
				CLANG_WARN_DEPRECATED_OBJC_IMPLEMENTATIONS = YES;
				CLANG_WARN_DIRECT_OBJC_ISA_USAGE = YES_ERROR;
				CLANG_WARN_DOCUMENTATION_COMMENTS = YES;
				CLANG_WARN_EMPTY_BODY = YES;
				CLANG_WARN_ENUM_CONVERSION = YES;
				CLANG_WARN_INFINITE_RECURSION = YES;
				CLANG_WARN_INT_CONVERSION = YES;
				CLANG_WARN_NON_LITERAL_NULL_CONVERSION = YES;
				CLANG_WARN_OBJC_IMPLICIT_RETAIN_SELF = YES;
				CLANG_WARN_OBJC_LITERAL_CONVERSION = YES;
				CLANG_WARN_OBJC_ROOT_CLASS = YES_ERROR;
				CLANG_WARN_RANGE_LOOP_ANALYSIS = YES;
				CLANG_WARN_STRICT_PROTOTYPES = YES;
				CLANG_WARN_SUSPICIOUS_MOVE = YES;
				CLANG_WARN_UNGUARDED_AVAILABILITY = YES_AGGRESSIVE;
				CLANG_WARN_UNREACHABLE_CODE = YES;
				CLANG_WARN__DUPLICATE_METHOD_MATCH = YES;
				CODE_SIGN_IDENTITY = "iPhone Distribution: Lucas Pedrazoli (WWEPLJS9W3)";
				COPY_PHASE_STRIP = NO;
				DEBUG_INFORMATION_FORMAT = "dwarf-with-dsym";
				ENABLE_NS_ASSERTIONS = NO;
				ENABLE_STRICT_OBJC_MSGSEND = YES;
				GCC_C_LANGUAGE_STANDARD = gnu11;
				GCC_NO_COMMON_BLOCKS = YES;
				GCC_WARN_64_TO_32_BIT_CONVERSION = YES;
				GCC_WARN_ABOUT_RETURN_TYPE = YES_ERROR;
				GCC_WARN_UNDECLARED_SELECTOR = YES;
				GCC_WARN_UNINITIALIZED_AUTOS = YES_AGGRESSIVE;
				GCC_WARN_UNUSED_FUNCTION = YES;
				GCC_WARN_UNUSED_VARIABLE = YES;
				IPHONEOS_DEPLOYMENT_TARGET = 12.0;
				MTL_ENABLE_DEBUG_INFO = NO;
				MTL_FAST_MATH = YES;
				SDKROOT = iphoneos;
				SWIFT_COMPILATION_MODE = wholemodule;
				SWIFT_OPTIMIZATION_LEVEL = "-O";
				VALIDATE_PRODUCT = YES;
			};
			name = Release;
		};
		75693FCC2173A9FC00FE893E /* Debug */ = {
			isa = XCBuildConfiguration;
			baseConfigurationReference = 07441D0B86FF60F7EE3984B7 /* Pods-FashionDVT.debug.xcconfig */;
			buildSettings = {
				ASSETCATALOG_COMPILER_APPICON_NAME = AppIcon;
				CODE_SIGN_IDENTITY = "iPhone Distribution";
				CODE_SIGN_STYLE = Manual;
				DEVELOPMENT_TEAM = WWEPLJS9W3;
				INFOPLIST_FILE = FashionDVT/Info.plist;
				IPHONEOS_DEPLOYMENT_TARGET = 12.0;
				LD_RUNPATH_SEARCH_PATHS = (
					"$(inherited)",
					"@executable_path/Frameworks",
				);
				PRODUCT_BUNDLE_IDENTIFIER = com.lucaspedrazoli.fashion.dvt;
				PRODUCT_NAME = "$(TARGET_NAME)";
				PROVISIONING_PROFILE_SPECIFIER = fashion4;
				SWIFT_VERSION = 4.2;
				TARGETED_DEVICE_FAMILY = 1;
			};
			name = Debug;
		};
		75693FCD2173A9FC00FE893E /* Release */ = {
			isa = XCBuildConfiguration;
			baseConfigurationReference = 5A69C9D2E79012BC70DA0C4B /* Pods-FashionDVT.release.xcconfig */;
			buildSettings = {
				ASSETCATALOG_COMPILER_APPICON_NAME = AppIcon;
				CODE_SIGN_IDENTITY = "iPhone Distribution";
				CODE_SIGN_STYLE = Manual;
				DEVELOPMENT_TEAM = WWEPLJS9W3;
				INFOPLIST_FILE = FashionDVT/Info.plist;
				IPHONEOS_DEPLOYMENT_TARGET = 12.0;
				LD_RUNPATH_SEARCH_PATHS = (
					"$(inherited)",
					"@executable_path/Frameworks",
				);
				PRODUCT_BUNDLE_IDENTIFIER = com.lucaspedrazoli.fashion.dvt;
				PRODUCT_NAME = "$(TARGET_NAME)";
				PROVISIONING_PROFILE_SPECIFIER = fashion4;
				SWIFT_VERSION = 4.2;
				TARGETED_DEVICE_FAMILY = 1;
			};
			name = Release;
		};
/* End XCBuildConfiguration section */

/* Begin XCConfigurationList section */
		75693FB42173A9F900FE893E /* Build configuration list for PBXProject "FashionDVT" */ = {
			isa = XCConfigurationList;
			buildConfigurations = (
				75693FC92173A9FC00FE893E /* Debug */,
				75693FCA2173A9FC00FE893E /* Release */,
			);
			defaultConfigurationIsVisible = 0;
			defaultConfigurationName = Release;
		};
		75693FCB2173A9FC00FE893E /* Build configuration list for PBXNativeTarget "FashionDVT" */ = {
			isa = XCConfigurationList;
			buildConfigurations = (
				75693FCC2173A9FC00FE893E /* Debug */,
				75693FCD2173A9FC00FE893E /* Release */,
			);
			defaultConfigurationIsVisible = 0;
			defaultConfigurationName = Release;
		};
/* End XCConfigurationList section */
	};
	rootObject = 75693FB12173A9F900FE893E /* Project object */;
}
