// !$*UTF8*$!
{
	archiveVersion = 1;
	classes = {
	};
	objectVersion = 50;
	objects = {

/* Begin PBXBuildFile section */
		75397F57218D12C3007816E5 /* intro_dvt.json in Resources */ = {isa = PBXBuildFile; fileRef = 75397F56218D12C2007816E5 /* intro_dvt.json */; };
		75397F59218D12EA007816E5 /* image_intro.png in Resources */ = {isa = PBXBuildFile; fileRef = 75397F58218D12EA007816E5 /* image_intro.png */; };
		75693FBD2173A9F900FE893E /* AppDelegate.swift in Sources */ = {isa = PBXBuildFile; fileRef = 75693FBC2173A9F900FE893E /* AppDelegate.swift */; };
		75693FBF2173A9F900FE893E /* StartViewController.swift in Sources */ = {isa = PBXBuildFile; fileRef = 75693FBE2173A9F900FE893E /* StartViewController.swift */; };
		75693FC22173A9F900FE893E /* Main.storyboard in Resources */ = {isa = PBXBuildFile; fileRef = 75693FC02173A9F900FE893E /* Main.storyboard */; };
		75693FC42173A9FC00FE893E /* Assets.xcassets in Resources */ = {isa = PBXBuildFile; fileRef = 75693FC32173A9FC00FE893E /* Assets.xcassets */; };
		75693FC72173A9FC00FE893E /* LaunchScreen.storyboard in Resources */ = {isa = PBXBuildFile; fileRef = 75693FC52173A9FC00FE893E /* LaunchScreen.storyboard */; };
		75693FD52173B78200FE893E /* AnimationView.swift in Sources */ = {isa = PBXBuildFile; fileRef = 75693FD42173B78200FE893E /* AnimationView.swift */; };
		75693FD72173B85600FE893E /* GalleryMenuViewController.swift in Sources */ = {isa = PBXBuildFile; fileRef = 75693FD62173B85600FE893E /* GalleryMenuViewController.swift */; };
		75693FD92173BDCE00FE893E /* AnimationLoop.swift in Sources */ = {isa = PBXBuildFile; fileRef = 75693FD82173BDCE00FE893E /* AnimationLoop.swift */; };
		75C676A8217F635D003FB0A0 /* PhotoViewController.swift in Sources */ = {isa = PBXBuildFile; fileRef = 75C676A7217F635D003FB0A0 /* PhotoViewController.swift */; };
		75C676AB217F63C2003FB0A0 /* capa.jpg in Resources */ = {isa = PBXBuildFile; fileRef = 75C676AA217F63C2003FB0A0 /* capa.jpg */; };
		75C676AD217F6770003FB0A0 /* PhotoTextViewController.swift in Sources */ = {isa = PBXBuildFile; fileRef = 75C676AC217F6770003FB0A0 /* PhotoTextViewController.swift */; };
		75C676AF217F67D8003FB0A0 /* menu_3.jpg in Resources */ = {isa = PBXBuildFile; fileRef = 75C676AE217F67D8003FB0A0 /* menu_3.jpg */; };
		FCB0C5EE8A06D2EF5D3F0517 /* Pods_FashionDVT.framework in Frameworks */ = {isa = PBXBuildFile; fileRef = F1AEE6BDC1AF84533EAB4C60 /* Pods_FashionDVT.framework */; };
/* End PBXBuildFile section */

/* Begin PBXFileReference section */
		07441D0B86FF60F7EE3984B7 /* Pods-FashionDVT.debug.xcconfig */ = {isa = PBXFileReference; includeInIndex = 1; lastKnownFileType = text.xcconfig; name = "Pods-FashionDVT.debug.xcconfig"; path = "Pods/Target Support Files/Pods-FashionDVT/Pods-FashionDVT.debug.xcconfig"; sourceTree = "<group>"; };
		5A69C9D2E79012BC70DA0C4B /* Pods-FashionDVT.release.xcconfig */ = {isa = PBXFileReference; includeInIndex = 1; lastKnownFileType = text.xcconfig; name = "Pods-FashionDVT.release.xcconfig"; path = "Pods/Target Support Files/Pods-FashionDVT/Pods-FashionDVT.release.xcconfig"; sourceTree = "<group>"; };
		75397F56218D12C2007816E5 /* intro_dvt.json */ = {isa = PBXFileReference; fileEncoding = 4; lastKnownFileType = text.json; path = intro_dvt.json; sourceTree = "<group>"; };
		75397F58218D12EA007816E5 /* image_intro.png */ = {isa = PBXFileReference; lastKnownFileType = image.png; path = image_intro.png; sourceTree = "<group>"; };
		75693FB92173A9F900FE893E /* FashionDVT.app */ = {isa = PBXFileReference; explicitFileType = wrapper.application; includeInIndex = 0; path = FashionDVT.app; sourceTree = BUILT_PRODUCTS_DIR; };
		75693FBC2173A9F900FE893E /* AppDelegate.swift */ = {isa = PBXFileReference; lastKnownFileType = sourcecode.swift; path = AppDelegate.swift; sourceTree = "<group>"; };
		75693FBE2173A9F900FE893E /* StartViewController.swift */ = {isa = PBXFileReference; lastKnownFileType = sourcecode.swift; path = StartViewController.swift; sourceTree = "<group>"; };
		75693FC12173A9F900FE893E /* Base */ = {isa = PBXFileReference; lastKnownFileType = file.storyboard; name = Base; path = Base.lproj/Main.storyboard; sourceTree = "<group>"; };
		75693FC32173A9FC00FE893E /* Assets.xcassets */ = {isa = PBXFileReference; lastKnownFileType = folder.assetcatalog; path = Assets.xcassets; sourceTree = "<group>"; };
		75693FC62173A9FC00FE893E /* Base */ = {isa = PBXFileReference; lastKnownFileType = file.storyboard; name = Base; path = Base.lproj/LaunchScreen.storyboard; sourceTree = "<group>"; };
		75693FC82173A9FC00FE893E /* Info.plist */ = {isa = PBXFileReference; lastKnownFileType = text.plist.xml; path = Info.plist; sourceTree = "<group>"; };
		75693FD42173B78200FE893E /* AnimationView.swift */ = {isa = PBXFileReference; lastKnownFileType = sourcecode.swift; path = AnimationView.swift; sourceTree = "<group>"; };
		75693FD62173B85600FE893E /* GalleryMenuViewController.swift */ = {isa = PBXFileReference; lastKnownFileType = sourcecode.swift; path = GalleryMenuViewController.swift; sourceTree = "<group>"; };
		75693FD82173BDCE00FE893E /* AnimationLoop.swift */ = {isa = PBXFileReference; lastKnownFileType = sourcecode.swift; path = AnimationLoop.swift; sourceTree = "<group>"; };
		75C676A7217F635D003FB0A0 /* PhotoViewController.swift */ = {isa = PBXFileReference; lastKnownFileType = sourcecode.swift; path = PhotoViewController.swift; sourceTree = "<group>"; };
		75C676AA217F63C2003FB0A0 /* capa.jpg */ = {isa = PBXFileReference; lastKnownFileType = image.jpeg; path = capa.jpg; sourceTree = "<group>"; };
		75C676AC217F6770003FB0A0 /* PhotoTextViewController.swift */ = {isa = PBXFileReference; lastKnownFileType = sourcecode.swift; path = PhotoTextViewController.swift; sourceTree = "<group>"; };
		75C676AE217F67D8003FB0A0 /* menu_3.jpg */ = {isa = PBXFileReference; lastKnownFileType = image.jpeg; path = menu_3.jpg; sourceTree = "<group>"; };
		F1AEE6BDC1AF84533EAB4C60 /* Pods_FashionDVT.framework */ = {isa = PBXFileReference; explicitFileType = wrapper.framework; includeInIndex = 0; path = Pods_FashionDVT.framework; sourceTree = BUILT_PRODUCTS_DIR; };
/* End PBXFileReference section */

/* Begin PBXFrameworksBuildPhase section */
		75693FB62173A9F900FE893E /* Frameworks */ = {
			isa = PBXFrameworksBuildPhase;
			buildActionMask = 2147483647;
			files = (
				FCB0C5EE8A06D2EF5D3F0517 /* Pods_FashionDVT.framework in Frameworks */,
			);
			runOnlyForDeploymentPostprocessing = 0;
		};
/* End PBXFrameworksBuildPhase section */

/* Begin PBXGroup section */
		08660822081AA5A03D075436 /* Frameworks */ = {
			isa = PBXGroup;
			children = (
				F1AEE6BDC1AF84533EAB4C60 /* Pods_FashionDVT.framework */,
			);
			name = Frameworks;
			sourceTree = "<group>";
		};
		47B5EF675DA7BF9C1A6B6839 /* Pods */ = {
			isa = PBXGroup;
			children = (
				07441D0B86FF60F7EE3984B7 /* Pods-FashionDVT.debug.xcconfig */,
				5A69C9D2E79012BC70DA0C4B /* Pods-FashionDVT.release.xcconfig */,
			);
			name = Pods;
			sourceTree = "<group>";
		};
		75397F49218CE90D007816E5 /* images */ = {
			isa = PBXGroup;
			children = (
				75397F58218D12EA007816E5 /* image_intro.png */,
			);
			path = images;
			sourceTree = "<group>";
		};
		75693FB02173A9F900FE893E = {
			isa = PBXGroup;
			children = (
				75397F49218CE90D007816E5 /* images */,
				75C676A9217F639E003FB0A0 /* Photos */,
				75693FCE2173B08000FE893E /* LottieFiles */,
				75693FBB2173A9F900FE893E /* FashionDVT */,
				75693FBA2173A9F900FE893E /* Products */,
				47B5EF675DA7BF9C1A6B6839 /* Pods */,
				08660822081AA5A03D075436 /* Frameworks */,
			);
			sourceTree = "<group>";
		};
		75693FBA2173A9F900FE893E /* Products */ = {
			isa = PBXGroup;
			children = (
				75693FB92173A9F900FE893E /* FashionDVT.app */,
			);
			name = Products;
			sourceTree = "<group>";
		};
		75693FBB2173A9F900FE893E /* FashionDVT */ = {
			isa = PBXGroup;
			children = (
				75693FD32173B77200FE893E /* Components */,
				75693FBC2173A9F900FE893E /* AppDelegate.swift */,
				75693FBE2173A9F900FE893E /* StartViewController.swift */,
				75693FD62173B85600FE893E /* GalleryMenuViewController.swift */,
				75C676A7217F635D003FB0A0 /* PhotoViewController.swift */,
				75C676AC217F6770003FB0A0 /* PhotoTextViewController.swift */,
				75693FC02173A9F900FE893E /* Main.storyboard */,
				75693FC32173A9FC00FE893E /* Assets.xcassets */,
				75693FC52173A9FC00FE893E /* LaunchScreen.storyboard */,
				75693FC82173A9FC00FE893E /* Info.plist */,
			);
			path = FashionDVT;
			sourceTree = "<group>";
		};
		75693FCE2173B08000FE893E /* LottieFiles */ = {
			isa = PBXGroup;
			children = (
				75397F56218D12C2007816E5 /* intro_dvt.json */,
			);
			path = LottieFiles;
			sourceTree = "<group>";
		};
		75693FD32173B77200FE893E /* Components */ = {
			isa = PBXGroup;
			children = (
				75693FD42173B78200FE893E /* AnimationView.swift */,
				75693FD82173BDCE00FE893E /* AnimationLoop.swift */,
			);
			path = Components;
			sourceTree = "<group>";
		};
		75C676A9217F639E003FB0A0 /* Photos */ = {
			isa = PBXGroup;
			children = (
				75C676AA217F63C2003FB0A0 /* capa.jpg */,
				75C676AE217F67D8003FB0A0 /* menu_3.jpg */,
			);
			path = Photos;
			sourceTree = "<group>";
		};
/* End PBXGroup section */

/* Begin PBXNativeTarget section */
		75693FB82173A9F900FE893E /* FashionDVT */ = {
			isa = PBXNativeTarget;
			buildConfigurationList = 75693FCB2173A9FC00FE893E /* Build configuration list for PBXNativeTarget "FashionDVT" */;
			buildPhases = (
				F6FAFC2B6B8DAC953FDC591B /* [CP] Check Pods Manifest.lock */,
				75693FB52173A9F900FE893E /* Sources */,
				75693FB62173A9F900FE893E /* Frameworks */,
				75693FB72173A9F900FE893E /* Resources */,
				E39F20D68964FC997125FB0D /* [CP] Embed Pods Frameworks */,
			);
			buildRules = (
			);
			dependencies = (
			);
			name = FashionDVT;
			productName = FashionDVT;
			productReference = 75693FB92173A9F900FE893E /* FashionDVT.app */;
			productType = "com.apple.product-type.application";
		};
/* End PBXNativeTarget section */

/* Begin PBXProject section */
		75693FB12173A9F900FE893E /* Project object */ = {
			isa = PBXProject;
			attributes = {
				LastSwiftUpdateCheck = 1000;
				LastUpgradeCheck = 1000;
				ORGANIZATIONNAME = "Lucas Pedrazoli";
				TargetAttributes = {
					75693FB82173A9F900FE893E = {
						CreatedOnToolsVersion = 10.0;
					};
				};
			};
			buildConfigurationList = 75693FB42173A9F900FE893E /* Build configuration list for PBXProject "FashionDVT" */;
			compatibilityVersion = "Xcode 9.3";
			developmentRegion = en;
			hasScannedForEncodings = 0;
			knownRegions = (
				en,
				Base,
			);
			mainGroup = 75693FB02173A9F900FE893E;
			productRefGroup = 75693FBA2173A9F900FE893E /* Products */;
			projectDirPath = "";
			projectRoot = "";
			targets = (
				75693FB82173A9F900FE893E /* FashionDVT */,
			);
		};
/* End PBXProject section */

/* Begin PBXResourcesBuildPhase section */
		75693FB72173A9F900FE893E /* Resources */ = {
			isa = PBXResourcesBuildPhase;
			buildActionMask = 2147483647;
			files = (
				75C676AF217F67D8003FB0A0 /* menu_3.jpg in Resources */,
				75693FC72173A9FC00FE893E /* LaunchScreen.storyboard in Resources */,
				75C676AB217F63C2003FB0A0 /* capa.jpg in Resources */,
				75397F57218D12C3007816E5 /* intro_dvt.json in Resources */,
				75397F59218D12EA007816E5 /* image_intro.png in Resources */,
				75693FC42173A9FC00FE893E /* Assets.xcassets in Resources */,
				75693FC22173A9F900FE893E /* Main.storyboard in Resources */,
			);
			runOnlyForDeploymentPostprocessing = 0;
		};
/* End PBXResourcesBuildPhase section */

/* Begin PBXShellScriptBuildPhase section */
		E39F20D68964FC997125FB0D /* [CP] Embed Pods Frameworks */ = {
			isa = PBXShellScriptBuildPhase;
			buildActionMask = 2147483647;
			files = (
			);
			inputPaths = (
				"${SRCROOT}/Pods/Target Support Files/Pods-FashionDVT/Pods-FashionDVT-frameworks.sh",
				"${BUILT_PRODUCTS_DIR}/lottie-ios/Lottie.framework",
			);
			name = "[CP] Embed Pods Frameworks";
			outputPaths = (
				"${TARGET_BUILD_DIR}/${FRAMEWORKS_FOLDER_PATH}/Lottie.framework",
			);
			runOnlyForDeploymentPostprocessing = 0;
			shellPath = /bin/sh;
			shellScript = "\"${SRCROOT}/Pods/Target Support Files/Pods-FashionDVT/Pods-FashionDVT-frameworks.sh\"\n";
			showEnvVarsInLog = 0;
		};
		F6FAFC2B6B8DAC953FDC591B /* [CP] Check Pods Manifest.lock */ = {
			isa = PBXShellScriptBuildPhase;
			buildActionMask = 2147483647;
			files = (
			);
			inputPaths = (
				"${PODS_PODFILE_DIR_PATH}/Podfile.lock",
				"${PODS_ROOT}/Manifest.lock",
			);
			name = "[CP] Check Pods Manifest.lock";
			outputPaths = (
				"$(DERIVED_FILE_DIR)/Pods-FashionDVT-checkManifestLockResult.txt",
			);
			runOnlyForDeploymentPostprocessing = 0;
			shellPath = /bin/sh;
			shellScript = "diff \"${PODS_PODFILE_DIR_PATH}/Podfile.lock\" \"${PODS_ROOT}/Manifest.lock\" > /dev/null\nif [ $? != 0 ] ; then\n    # print error to STDERR\n    echo \"error: The sandbox is not in sync with the Podfile.lock. Run 'pod install' or update your CocoaPods installation.\" >&2\n    exit 1\nfi\n# This output is used by Xcode 'outputs' to avoid re-running this script phase.\necho \"SUCCESS\" > \"${SCRIPT_OUTPUT_FILE_0}\"\n";
			showEnvVarsInLog = 0;
		};
/* End PBXShellScriptBuildPhase section */

/* Begin PBXSourcesBuildPhase section */
		75693FB52173A9F900FE893E /* Sources */ = {
			isa = PBXSourcesBuildPhase;
			buildActionMask = 2147483647;
			files = (
				75693FD52173B78200FE893E /* AnimationView.swift in Sources */,
				75693FBF2173A9F900FE893E /* StartViewController.swift in Sources */,
				75C676AD217F6770003FB0A0 /* PhotoTextViewController.swift in Sources */,
				75693FD92173BDCE00FE893E /* AnimationLoop.swift in Sources */,
				75C676A8217F635D003FB0A0 /* PhotoViewController.swift in Sources */,
				75693FD72173B85600FE893E /* GalleryMenuViewController.swift in Sources */,
				75693FBD2173A9F900FE893E /* AppDelegate.swift in Sources */,
			);
			runOnlyForDeploymentPostprocessing = 0;
		};
/* End PBXSourcesBuildPhase section */

/* Begin PBXVariantGroup section */
		75693FC02173A9F900FE893E /* Main.storyboard */ = {
			isa = PBXVariantGroup;
			children = (
				75693FC12173A9F900FE893E /* Base */,
			);
			name = Main.storyboard;
			sourceTree = "<group>";
		};
		75693FC52173A9FC00FE893E /* LaunchScreen.storyboard */ = {
			isa = PBXVariantGroup;
			children = (
				75693FC62173A9FC00FE893E /* Base */,
			);
			name = LaunchScreen.storyboard;
			sourceTree = "<group>";
		};
/* End PBXVariantGroup section */

/* Begin XCBuildConfiguration section */
		75693FC92173A9FC00FE893E /* Debug */ = {
			isa = XCBuildConfiguration;
			buildSettings = {
				ALWAYS_SEARCH_USER_PATHS = NO;
				CLANG_ANALYZER_NONNULL = YES;
				CLANG_ANALYZER_NUMBER_OBJECT_CONVERSION = YES_AGGRESSIVE;
				CLANG_CXX_LANGUAGE_STANDARD = "gnu++14";
				CLANG_CXX_LIBRARY = "libc++";
				CLANG_ENABLE_MODULES = YES;
				CLANG_ENABLE_OBJC_ARC = YES;
				CLANG_ENABLE_OBJC_WEAK = YES;
				CLANG_WARN_BLOCK_CAPTURE_AUTORELEASING = YES;
				CLANG_WARN_BOOL_CONVERSION = YES;
				CLANG_WARN_COMMA = YES;
				CLANG_WARN_CONSTANT_CONVERSION = YES;
				CLANG_WARN_DEPRECATED_OBJC_IMPLEMENTATIONS = YES;
				CLANG_WARN_DIRECT_OBJC_ISA_USAGE = YES_ERROR;
				CLANG_WARN_DOCUMENTATION_COMMENTS = YES;
				CLANG_WARN_EMPTY_BODY = YES;
				CLANG_WARN_ENUM_CONVERSION = YES;
				CLANG_WARN_INFINITE_RECURSION = YES;
				CLANG_WARN_INT_CONVERSION = YES;
				CLANG_WARN_NON_LITERAL_NULL_CONVERSION = YES;
				CLANG_WARN_OBJC_IMPLICIT_RETAIN_SELF = YES;
				CLANG_WARN_OBJC_LITERAL_CONVERSION = YES;
				CLANG_WARN_OBJC_ROOT_CLASS = YES_ERROR;
				CLANG_WARN_RANGE_LOOP_ANALYSIS = YES;
				CLANG_WARN_STRICT_PROTOTYPES = YES;
				CLANG_WARN_SUSPICIOUS_MOVE = YES;
				CLANG_WARN_UNGUARDED_AVAILABILITY = YES_AGGRESSIVE;
				CLANG_WARN_UNREACHABLE_CODE = YES;
				CLANG_WARN__DUPLICATE_METHOD_MATCH = YES;
				CODE_SIGN_IDENTITY = "iPhone Developer";
				COPY_PHASE_STRIP = NO;
				DEBUG_INFORMATION_FORMAT = dwarf;
				ENABLE_STRICT_OBJC_MSGSEND = YES;
				ENABLE_TESTABILITY = YES;
				GCC_C_LANGUAGE_STANDARD = gnu11;
				GCC_DYNAMIC_NO_PIC = NO;
				GCC_NO_COMMON_BLOCKS = YES;
				GCC_OPTIMIZATION_LEVEL = 0;
				GCC_PREPROCESSOR_DEFINITIONS = (
					"DEBUG=1",
					"$(inherited)",
				);
				GCC_WARN_64_TO_32_BIT_CONVERSION = YES;
				GCC_WARN_ABOUT_RETURN_TYPE = YES_ERROR;
				GCC_WARN_UNDECLARED_SELECTOR = YES;
				GCC_WARN_UNINITIALIZED_AUTOS = YES_AGGRESSIVE;
				GCC_WARN_UNUSED_FUNCTION = YES;
				GCC_WARN_UNUSED_VARIABLE = YES;
				IPHONEOS_DEPLOYMENT_TARGET = 12.0;
				MTL_ENABLE_DEBUG_INFO = INCLUDE_SOURCE;
				MTL_FAST_MATH = YES;
				ONLY_ACTIVE_ARCH = YES;
				SDKROOT = iphoneos;
				SWIFT_ACTIVE_COMPILATION_CONDITIONS = DEBUG;
				SWIFT_OPTIMIZATION_LEVEL = "-Onone";
			};
			name = Debug;
		};
		75693FCA2173A9FC00FE893E /* Release */ = {
			isa = XCBuildConfiguration;
			buildSettings = {
				ALWAYS_SEARCH_USER_PATHS = NO;
				CLANG_ANALYZER_NONNULL = YES;
				CLANG_ANALYZER_NUMBER_OBJECT_CONVERSION = YES_AGGRESSIVE;
				CLANG_CXX_LANGUAGE_STANDARD = "gnu++14";
				CLANG_CXX_LIBRARY = "libc++";
				CLANG_ENABLE_MODULES = YES;
				CLANG_ENABLE_OBJC_ARC = YES;
				CLANG_ENABLE_OBJC_WEAK = YES;
				CLANG_WARN_BLOCK_CAPTURE_AUTORELEASING = YES;
				CLANG_WARN_BOOL_CONVERSION = YES;
				CLANG_WARN_COMMA = YES;
				CLANG_WARN_CONSTANT_CONVERSION = YES;
				CLANG_WARN_DEPRECATED_OBJC_IMPLEMENTATIONS = YES;
				CLANG_WARN_DIRECT_OBJC_ISA_USAGE = YES_ERROR;
				CLANG_WARN_DOCUMENTATION_COMMENTS = YES;
				CLANG_WARN_EMPTY_BODY = YES;
				CLANG_WARN_ENUM_CONVERSION = YES;
				CLANG_WARN_INFINITE_RECURSION = YES;
				CLANG_WARN_INT_CONVERSION = YES;
				CLANG_WARN_NON_LITERAL_NULL_CONVERSION = YES;
				CLANG_WARN_OBJC_IMPLICIT_RETAIN_SELF = YES;
				CLANG_WARN_OBJC_LITERAL_CONVERSION = YES;
				CLANG_WARN_OBJC_ROOT_CLASS = YES_ERROR;
				CLANG_WARN_RANGE_LOOP_ANALYSIS = YES;
				CLANG_WARN_STRICT_PROTOTYPES = YES;
				CLANG_WARN_SUSPICIOUS_MOVE = YES;
				CLANG_WARN_UNGUARDED_AVAILABILITY = YES_AGGRESSIVE;
				CLANG_WARN_UNREACHABLE_CODE = YES;
				CLANG_WARN__DUPLICATE_METHOD_MATCH = YES;
				CODE_SIGN_IDENTITY = "iPhone Developer";
				COPY_PHASE_STRIP = NO;
				DEBUG_INFORMATION_FORMAT = "dwarf-with-dsym";
				ENABLE_NS_ASSERTIONS = NO;
				ENABLE_STRICT_OBJC_MSGSEND = YES;
				GCC_C_LANGUAGE_STANDARD = gnu11;
				GCC_NO_COMMON_BLOCKS = YES;
				GCC_WARN_64_TO_32_BIT_CONVERSION = YES;
				GCC_WARN_ABOUT_RETURN_TYPE = YES_ERROR;
				GCC_WARN_UNDECLARED_SELECTOR = YES;
				GCC_WARN_UNINITIALIZED_AUTOS = YES_AGGRESSIVE;
				GCC_WARN_UNUSED_FUNCTION = YES;
				GCC_WARN_UNUSED_VARIABLE = YES;
				IPHONEOS_DEPLOYMENT_TARGET = 12.0;
				MTL_ENABLE_DEBUG_INFO = NO;
				MTL_FAST_MATH = YES;
				SDKROOT = iphoneos;
				SWIFT_COMPILATION_MODE = wholemodule;
				SWIFT_OPTIMIZATION_LEVEL = "-O";
				VALIDATE_PRODUCT = YES;
			};
			name = Release;
		};
		75693FCC2173A9FC00FE893E /* Debug */ = {
			isa = XCBuildConfiguration;
			baseConfigurationReference = 07441D0B86FF60F7EE3984B7 /* Pods-FashionDVT.debug.xcconfig */;
			buildSettings = {
				ASSETCATALOG_COMPILER_APPICON_NAME = AppIcon;
				CODE_SIGN_STYLE = Automatic;
				DEVELOPMENT_TEAM = L8A5CGJRMF;
				INFOPLIST_FILE = FashionDVT/Info.plist;
				LD_RUNPATH_SEARCH_PATHS = (
					"$(inherited)",
					"@executable_path/Frameworks",
				);
				PRODUCT_BUNDLE_IDENTIFIER = com.lucaspedrazoli.FashionDVT;
				PRODUCT_NAME = "$(TARGET_NAME)";
				SWIFT_VERSION = 4.2;
				TARGETED_DEVICE_FAMILY = "1,2";
			};
			name = Debug;
		};
		75693FCD2173A9FC00FE893E /* Release */ = {
			isa = XCBuildConfiguration;
			baseConfigurationReference = 5A69C9D2E79012BC70DA0C4B /* Pods-FashionDVT.release.xcconfig */;
			buildSettings = {
				ASSETCATALOG_COMPILER_APPICON_NAME = AppIcon;
				CODE_SIGN_STYLE = Automatic;
				DEVELOPMENT_TEAM = L8A5CGJRMF;
				INFOPLIST_FILE = FashionDVT/Info.plist;
				LD_RUNPATH_SEARCH_PATHS = (
					"$(inherited)",
					"@executable_path/Frameworks",
				);
				PRODUCT_BUNDLE_IDENTIFIER = com.lucaspedrazoli.FashionDVT;
				PRODUCT_NAME = "$(TARGET_NAME)";
				SWIFT_VERSION = 4.2;
				TARGETED_DEVICE_FAMILY = "1,2";
			};
			name = Release;
		};
/* End XCBuildConfiguration section */

/* Begin XCConfigurationList section */
		75693FB42173A9F900FE893E /* Build configuration list for PBXProject "FashionDVT" */ = {
			isa = XCConfigurationList;
			buildConfigurations = (
				75693FC92173A9FC00FE893E /* Debug */,
				75693FCA2173A9FC00FE893E /* Release */,
			);
			defaultConfigurationIsVisible = 0;
			defaultConfigurationName = Release;
		};
		75693FCB2173A9FC00FE893E /* Build configuration list for PBXNativeTarget "FashionDVT" */ = {
			isa = XCConfigurationList;
			buildConfigurations = (
				75693FCC2173A9FC00FE893E /* Debug */,
				75693FCD2173A9FC00FE893E /* Release */,
			);
			defaultConfigurationIsVisible = 0;
			defaultConfigurationName = Release;
		};
/* End XCConfigurationList section */
	};
	rootObject = 75693FB12173A9F900FE893E /* Project object */;
}
